
Microsoft Visual Studio Solution File, Format Version 12.00
# Visual Studio Version 17
VisualStudioVersion = 17.0.31903.59
MinimumVisualStudioVersion = 10.0.40219.1
Project("{2150E333-8FDC-42A3-9474-1A3956D46DE8}") = "01csharpbasics", "01csharpbasics", "{A5B5CC1A-89E5-AA1B-A488-F022BC15D26C}"
EndProject
Project("{FAE04EC0-301F-11D3-BF4B-00C04F79EFBC}") = "ConditionNLoops", "01csharpbasics\ConditionNLoops\ConditionNLoops.csproj", "{5D3BD401-54BE-4366-A390-3D7ABC7BDFA4}"
EndProject
Project("{FAE04EC0-301F-11D3-BF4B-00C04F79EFBC}") = "DataStructures", "01csharpbasics\DataStructures\DataStructures.csproj", "{6FFC8F21-F2B6-4BB6-B6A2-9B8FC7B1B990}"
EndProject
Project("{FAE04EC0-301F-11D3-BF4B-00C04F79EFBC}") = "HelloWorld", "01csharpbasics\HelloWorld\HelloWorld.csproj", "{315AD7A2-7FBA-4E08-AAD1-523110C0F6C0}"
EndProject
Project("{FAE04EC0-301F-11D3-BF4B-00C04F79EFBC}") = "Methods", "01csharpbasics\Methods\Methods.csproj", "{9350D810-7E2D-4C7B-B315-FF17D33FFEBE}"
EndProject
Project("{FAE04EC0-301F-11D3-BF4B-00C04F79EFBC}") = "UseModels", "01csharpbasics\UseModels\UseModels.csproj", "{A22B0E10-D59C-4968-BF1C-8A8EC6C885D9}"
EndProject

Global
	GlobalSection(SolutionConfigurationPlatforms) = preSolution
		Debug|Any CPU = Debug|Any CPU
		Debug|x64 = Debug|x64
		Debug|x86 = Debug|x86
		Release|Any CPU = Release|Any CPU
		Release|x64 = Release|x64
		Release|x86 = Release|x86
	EndGlobalSection
	GlobalSection(ProjectConfigurationPlatforms) = postSolution
		{5D3BD401-54BE-4366-A390-3D7ABC7BDFA4}.Debug|Any CPU.ActiveCfg = Debug|Any CPU
		{5D3BD401-54BE-4366-A390-3D7ABC7BDFA4}.Debug|Any CPU.Build.0 = Debug|Any CPU
		{5D3BD401-54BE-4366-A390-3D7ABC7BDFA4}.Debug|x64.ActiveCfg = Debug|Any CPU
		{5D3BD401-54BE-4366-A390-3D7ABC7BDFA4}.Debug|x64.Build.0 = Debug|Any CPU
		{5D3BD401-54BE-4366-A390-3D7ABC7BDFA4}.Debug|x86.ActiveCfg = Debug|Any CPU
		{5D3BD401-54BE-4366-A390-3D7ABC7BDFA4}.Debug|x86.Build.0 = Debug|Any CPU
		{5D3BD401-54BE-4366-A390-3D7ABC7BDFA4}.Release|Any CPU.ActiveCfg = Release|Any CPU
		{5D3BD401-54BE-4366-A390-3D7ABC7BDFA4}.Release|Any CPU.Build.0 = Release|Any CPU
		{5D3BD401-54BE-4366-A390-3D7ABC7BDFA4}.Release|x64.ActiveCfg = Release|Any CPU
		{5D3BD401-54BE-4366-A390-3D7ABC7BDFA4}.Release|x64.Build.0 = Release|Any CPU
		{5D3BD401-54BE-4366-A390-3D7ABC7BDFA4}.Release|x86.ActiveCfg = Release|Any CPU
		{5D3BD401-54BE-4366-A390-3D7ABC7BDFA4}.Release|x86.Build.0 = Release|Any CPU
		{6FFC8F21-F2B6-4BB6-B6A2-9B8FC7B1B990}.Debug|Any CPU.ActiveCfg = Debug|Any CPU
		{6FFC8F21-F2B6-4BB6-B6A2-9B8FC7B1B990}.Debug|Any CPU.Build.0 = Debug|Any CPU
		{6FFC8F21-F2B6-4BB6-B6A2-9B8FC7B1B990}.Debug|x64.ActiveCfg = Debug|Any CPU
		{6FFC8F21-F2B6-4BB6-B6A2-9B8FC7B1B990}.Debug|x64.Build.0 = Debug|Any CPU
		{6FFC8F21-F2B6-4BB6-B6A2-9B8FC7B1B990}.Debug|x86.ActiveCfg = Debug|Any CPU
		{6FFC8F21-F2B6-4BB6-B6A2-9B8FC7B1B990}.Debug|x86.Build.0 = Debug|Any CPU
		{6FFC8F21-F2B6-4BB6-B6A2-9B8FC7B1B990}.Release|Any CPU.ActiveCfg = Release|Any CPU
		{6FFC8F21-F2B6-4BB6-B6A2-9B8FC7B1B990}.Release|Any CPU.Build.0 = Release|Any CPU
		{6FFC8F21-F2B6-4BB6-B6A2-9B8FC7B1B990}.Release|x64.ActiveCfg = Release|Any CPU
		{6FFC8F21-F2B6-4BB6-B6A2-9B8FC7B1B990}.Release|x64.Build.0 = Release|Any CPU
		{6FFC8F21-F2B6-4BB6-B6A2-9B8FC7B1B990}.Release|x86.ActiveCfg = Release|Any CPU
		{6FFC8F21-F2B6-4BB6-B6A2-9B8FC7B1B990}.Release|x86.Build.0 = Release|Any CPU
		{315AD7A2-7FBA-4E08-AAD1-523110C0F6C0}.Debug|Any CPU.ActiveCfg = Debug|Any CPU
		{315AD7A2-7FBA-4E08-AAD1-523110C0F6C0}.Debug|Any CPU.Build.0 = Debug|Any CPU
		{315AD7A2-7FBA-4E08-AAD1-523110C0F6C0}.Debug|x64.ActiveCfg = Debug|Any CPU
		{315AD7A2-7FBA-4E08-AAD1-523110C0F6C0}.Debug|x64.Build.0 = Debug|Any CPU
		{315AD7A2-7FBA-4E08-AAD1-523110C0F6C0}.Debug|x86.ActiveCfg = Debug|Any CPU
		{315AD7A2-7FBA-4E08-AAD1-523110C0F6C0}.Debug|x86.Build.0 = Debug|Any CPU
		{315AD7A2-7FBA-4E08-AAD1-523110C0F6C0}.Release|Any CPU.ActiveCfg = Release|Any CPU
		{315AD7A2-7FBA-4E08-AAD1-523110C0F6C0}.Release|Any CPU.Build.0 = Release|Any CPU
		{315AD7A2-7FBA-4E08-AAD1-523110C0F6C0}.Release|x64.ActiveCfg = Release|Any CPU
		{315AD7A2-7FBA-4E08-AAD1-523110C0F6C0}.Release|x64.Build.0 = Release|Any CPU
		{315AD7A2-7FBA-4E08-AAD1-523110C0F6C0}.Release|x86.ActiveCfg = Release|Any CPU
		{315AD7A2-7FBA-4E08-AAD1-523110C0F6C0}.Release|x86.Build.0 = Release|Any CPU
		{9350D810-7E2D-4C7B-B315-FF17D33FFEBE}.Debug|Any CPU.ActiveCfg = Debug|Any CPU
		{9350D810-7E2D-4C7B-B315-FF17D33FFEBE}.Debug|Any CPU.Build.0 = Debug|Any CPU
		{9350D810-7E2D-4C7B-B315-FF17D33FFEBE}.Debug|x64.ActiveCfg = Debug|Any CPU
		{9350D810-7E2D-4C7B-B315-FF17D33FFEBE}.Debug|x64.Build.0 = Debug|Any CPU
		{9350D810-7E2D-4C7B-B315-FF17D33FFEBE}.Debug|x86.ActiveCfg = Debug|Any CPU
		{9350D810-7E2D-4C7B-B315-FF17D33FFEBE}.Debug|x86.Build.0 = Debug|Any CPU
		{9350D810-7E2D-4C7B-B315-FF17D33FFEBE}.Release|Any CPU.ActiveCfg = Release|Any CPU
		{9350D810-7E2D-4C7B-B315-FF17D33FFEBE}.Release|Any CPU.Build.0 = Release|Any CPU
		{9350D810-7E2D-4C7B-B315-FF17D33FFEBE}.Release|x64.ActiveCfg = Release|Any CPU
		{9350D810-7E2D-4C7B-B315-FF17D33FFEBE}.Release|x64.Build.0 = Release|Any CPU
		{9350D810-7E2D-4C7B-B315-FF17D33FFEBE}.Release|x86.ActiveCfg = Release|Any CPU
		{9350D810-7E2D-4C7B-B315-FF17D33FFEBE}.Release|x86.Build.0 = Release|Any CPU
		{A22B0E10-D59C-4968-BF1C-8A8EC6C885D9}.Debug|Any CPU.ActiveCfg = Debug|Any CPU
		{A22B0E10-D59C-4968-BF1C-8A8EC6C885D9}.Debug|Any CPU.Build.0 = Debug|Any CPU
		{A22B0E10-D59C-4968-BF1C-8A8EC6C885D9}.Debug|x64.ActiveCfg = Debug|Any CPU
		{A22B0E10-D59C-4968-BF1C-8A8EC6C885D9}.Debug|x64.Build.0 = Debug|Any CPU
		{A22B0E10-D59C-4968-BF1C-8A8EC6C885D9}.Debug|x86.ActiveCfg = Debug|Any CPU
		{A22B0E10-D59C-4968-BF1C-8A8EC6C885D9}.Debug|x86.Build.0 = Debug|Any CPU
		{A22B0E10-D59C-4968-BF1C-8A8EC6C885D9}.Release|Any CPU.ActiveCfg = Release|Any CPU
		{A22B0E10-D59C-4968-BF1C-8A8EC6C885D9}.Release|Any CPU.Build.0 = Release|Any CPU
		{A22B0E10-D59C-4968-BF1C-8A8EC6C885D9}.Release|x64.ActiveCfg = Release|Any CPU
		{A22B0E10-D59C-4968-BF1C-8A8EC6C885D9}.Release|x64.Build.0 = Release|Any CPU
		{A22B0E10-D59C-4968-BF1C-8A8EC6C885D9}.Release|x86.ActiveCfg = Release|Any CPU
		{A22B0E10-D59C-4968-BF1C-8A8EC6C885D9}.Release|x86.Build.0 = Release|Any CPU
		{E7DA9599-8DC1-4B4F-8FFD-333862E0AB91}.Debug|Any CPU.ActiveCfg = Debug|Any CPU
		{E7DA9599-8DC1-4B4F-8FFD-333862E0AB91}.Debug|Any CPU.Build.0 = Debug|Any CPU
		{E7DA9599-8DC1-4B4F-8FFD-333862E0AB91}.Debug|x64.ActiveCfg = Debug|Any CPU
		{E7DA9599-8DC1-4B4F-8FFD-333862E0AB91}.Debug|x64.Build.0 = Debug|Any CPU
		{E7DA9599-8DC1-4B4F-8FFD-333862E0AB91}.Debug|x86.ActiveCfg = Debug|Any CPU
		{E7DA9599-8DC1-4B4F-8FFD-333862E0AB91}.Debug|x86.Build.0 = Debug|Any CPU
		{E7DA9599-8DC1-4B4F-8FFD-333862E0AB91}.Release|Any CPU.ActiveCfg = Release|Any CPU
		{E7DA9599-8DC1-4B4F-8FFD-333862E0AB91}.Release|Any CPU.Build.0 = Release|Any CPU
		{E7DA9599-8DC1-4B4F-8FFD-333862E0AB91}.Release|x64.ActiveCfg = Release|Any CPU
		{E7DA9599-8DC1-4B4F-8FFD-333862E0AB91}.Release|x64.Build.0 = Release|Any CPU
		{E7DA9599-8DC1-4B4F-8FFD-333862E0AB91}.Release|x86.ActiveCfg = Release|Any CPU
		{E7DA9599-8DC1-4B4F-8FFD-333862E0AB91}.Release|x86.Build.0 = Release|Any CPU
	EndGlobalSection
	GlobalSection(SolutionProperties) = preSolution
		HideSolutionNode = FALSE
	EndGlobalSection
	GlobalSection(NestedProjects) = preSolution
		{5D3BD401-54BE-4366-A390-3D7ABC7BDFA4} = {A5B5CC1A-89E5-AA1B-A488-F022BC15D26C}
		{6FFC8F21-F2B6-4BB6-B6A2-9B8FC7B1B990} = {A5B5CC1A-89E5-AA1B-A488-F022BC15D26C}
		{315AD7A2-7FBA-4E08-AAD1-523110C0F6C0} = {A5B5CC1A-89E5-AA1B-A488-F022BC15D26C}
		{9350D810-7E2D-4C7B-B315-FF17D33FFEBE} = {A5B5CC1A-89E5-AA1B-A488-F022BC15D26C}
		{A22B0E10-D59C-4968-BF1C-8A8EC6C885D9} = {A5B5CC1A-89E5-AA1B-A488-F022BC15D26C}
		{E7DA9599-8DC1-4B4F-8FFD-333862E0AB91} = {A5B5CC1A-89E5-AA1B-A488-F022BC15D26C}
	EndGlobalSection
EndGlobal
